{
  "lockfile_version": "1",
  "packages": {
    "github:NixOS/nixpkgs/nixpkgs-unstable": {
      "last_modified": "2026-09-04T02:50:00Z",
      "resolved": "github:NixOS/nixpkgs/e5ead30d0824debba629dcf0720abeddee57b7d6?lastModified=1788490200"
    },
    "scala-cli@latest": {
      "last_modified": "2026-08-27T07:16:00Z",
      "resolved": "github:NixOS/nixpkgs/c27cdad491a991b11ed731760aa2ef8db0cb0410#scala-cli",
      "source": "devbox-search",
      "version": "1.16.0",
      "systems": {
        "aarch64-darwin": {
          "outputs": [
            {
              "name": "out",
              "path": "/nix/store/kvillcpim2m6h7pll5vyhcdglpqzvqf6-scala-cli-1.16.0",
              "default": true
            }
          ],
          "store_path": "/nix/store/kvillcpim2m6h7pll5vyhcdglpqzvqf6-scala-cli-1.16.0"
        },
        "aarch64-linux": {
          "outputs": [
            {
              "name": "out",
              "path": "/nix/store/iqb8zjk2jj71rrlkqhvjv14dsx6lnlfj-scala-cli-1.16.0",
              "default": true
            }
          ],
          "store_path": "/nix/store/iqb8zjk2jj71rrlkqhvjv14dsx6lnlfj-scala-cli-1.16.0"
        },
        "x86_64-linux": {
          "outputs": [
            {
              "name": "out",
              "path": "/nix/store/mb8w1cvay8jixc5l6b5bns7v72apagbj-scala-cli-1.16.0",
              "default": true
            }
          ],
          "store_path": "/nix/store/mb8w1cvay8jixc5l6b5bns7v72apagbj-scala-cli-1.16.0"
        }
      }
    }
  }
}
